
Microsoft Visual Studio Solution File, Format Version 12.00
# Visual Studio Version 17
VisualStudioVersion = 17.4.32804.182
MinimumVisualStudioVersion = 10.0.40219.1
Project("{9A19103F-16F7-4668-BE54-9A1E7A4F7556}") = "MoodleCli.ConsoleApp", "MoodleCli.ConsoleApp\MoodleCli.ConsoleApp.csproj", "{8910E3C3-EDA3-4E0E-9C82-C67919883E60}"
EndProject
Project("{9A19103F-16F7-4668-BE54-9A1E7A4F7556}") = "MoodleCli.Core", "MoodleCli.Core\MoodleCli.Core.csproj", "{3EFE1464-C2FC-4D8F-9B01-DC9038087AA2}"
EndProject
Project("{FAE04EC0-301F-11D3-BF4B-00C04F79EFBC}") = "MoodleCli.Core.Test", "MoodleCli.Core.Test\MoodleCli.Core.Test.csproj", "{9D70F78F-EB49-4744-9D81-703B76846397}"
EndProject
Global
	GlobalSection(SolutionConfigurationPlatforms) = preSolution
		Debug|Any CPU = Debug|Any CPU
		Release|Any CPU = Release|Any CPU
	EndGlobalSection
	GlobalSection(ProjectConfigurationPlatforms) = postSolution
		{8910E3C3-EDA3-4E0E-9C82-C67919883E60}.Debug|Any CPU.ActiveCfg = Debug|Any CPU
		{8910E3C3-EDA3-4E0E-9C82-C67919883E60}.Debug|Any CPU.Build.0 = Debug|Any CPU
		{8910E3C3-EDA3-4E0E-9C82-C67919883E60}.Release|Any CPU.ActiveCfg = Release|Any CPU
		{8910E3C3-EDA3-4E0E-9C82-C67919883E60}.Release|Any CPU.Build.0 = Release|Any CPU
		{3EFE1464-C2FC-4D8F-9B01-DC9038087AA2}.Debug|Any CPU.ActiveCfg = Debug|Any CPU
		{3EFE1464-C2FC-4D8F-9B01-DC9038087AA2}.Debug|Any CPU.Build.0 = Debug|Any CPU
		{3EFE1464-C2FC-4D8F-9B01-DC9038087AA2}.Release|Any CPU.ActiveCfg = Release|Any CPU
		{3EFE1464-C2FC-4D8F-9B01-DC9038087AA2}.Release|Any CPU.Build.0 = Release|Any CPU
		{9D70F78F-EB49-4744-9D81-703B76846397}.Debug|Any CPU.ActiveCfg = Debug|Any CPU
		{9D70F78F-EB49-4744-9D81-703B76846397}.Debug|Any CPU.Build.0 = Debug|Any CPU
		{9D70F78F-EB49-4744-9D81-703B76846397}.Release|Any CPU.ActiveCfg = Release|Any CPU
		{9D70F78F-EB49-4744-9D81-703B76846397}.Release|Any CPU.Build.0 = Release|Any CPU
	EndGlobalSection
	GlobalSection(SolutionProperties) = preSolution
		HideSolutionNode = FALSE
	EndGlobalSection
	GlobalSection(ExtensibilityGlobals) = postSolution
		SolutionGuid = {A79F843C-EA49-4EB2-B551-DFC2C2BEA1AC}
	EndGlobalSection
EndGlobal
